
Microsoft Visual Studio Solution File, Format Version 12.00
# Visual Studio 15
VisualStudioVersion = 15.0.27130.2010
MinimumVisualStudioVersion = 10.0.40219.1
Project("{9A19103F-16F7-4668-BE54-9A1E7A4F7556}") = "ePixelation.Scaffold.Common", "ePixelation.Scaffold.Common\ePixelation.Scaffold.Common.csproj", "{2DD85397-C3EE-4D1E-969A-BB9BC4F0996B}"
EndProject
Project("{9A19103F-16F7-4668-BE54-9A1E7A4F7556}") = "ePixelation.Scaffold.Service", "ePixelation.Scaffold.Service\ePixelation.Scaffold.Service.csproj", "{45954674-D004-48B9-BDA9-D565DB8DA5D9}"
EndProject
Project("{9A19103F-16F7-4668-BE54-9A1E7A4F7556}") = "ePixelation.Scaffold.Domain", "ePixelation.Scaffold.Domain\ePixelation.Scaffold.Domain.csproj", "{47CC4D7F-0196-420A-B3C7-E6E7A7468688}"
EndProject
Project("{9A19103F-16F7-4668-BE54-9A1E7A4F7556}") = "ePixelation.Scaffold.Composition", "ePixelation.Scaffold.Composition\ePixelation.Scaffold.Composition.csproj", "{B4BC54B5-90DF-4C6E-8979-CA61289ED1C6}"
EndProject
Project("{2150E333-8FDC-42A3-9474-1A3956D46DE8}") = "Infrastructure", "Infrastructure", "{21791A76-C855-44FD-B1A1-939F487BA51C}"
EndProject
Global
	GlobalSection(SolutionConfigurationPlatforms) = preSolution
		Debug|Any CPU = Debug|Any CPU
		Release|Any CPU = Release|Any CPU
	EndGlobalSection
	GlobalSection(ProjectConfigurationPlatforms) = postSolution
		{2DD85397-C3EE-4D1E-969A-BB9BC4F0996B}.Debug|Any CPU.ActiveCfg = Debug|Any CPU
		{2DD85397-C3EE-4D1E-969A-BB9BC4F0996B}.Debug|Any CPU.Build.0 = Debug|Any CPU
		{2DD85397-C3EE-4D1E-969A-BB9BC4F0996B}.Release|Any CPU.ActiveCfg = Release|Any CPU
		{2DD85397-C3EE-4D1E-969A-BB9BC4F0996B}.Release|Any CPU.Build.0 = Release|Any CPU
		{45954674-D004-48B9-BDA9-D565DB8DA5D9}.Debug|Any CPU.ActiveCfg = Debug|Any CPU
		{45954674-D004-48B9-BDA9-D565DB8DA5D9}.Debug|Any CPU.Build.0 = Debug|Any CPU
		{45954674-D004-48B9-BDA9-D565DB8DA5D9}.Release|Any CPU.ActiveCfg = Release|Any CPU
		{45954674-D004-48B9-BDA9-D565DB8DA5D9}.Release|Any CPU.Build.0 = Release|Any CPU
		{47CC4D7F-0196-420A-B3C7-E6E7A7468688}.Debug|Any CPU.ActiveCfg = Debug|Any CPU
		{47CC4D7F-0196-420A-B3C7-E6E7A7468688}.Debug|Any CPU.Build.0 = Debug|Any CPU
		{47CC4D7F-0196-420A-B3C7-E6E7A7468688}.Release|Any CPU.ActiveCfg = Release|Any CPU
		{47CC4D7F-0196-420A-B3C7-E6E7A7468688}.Release|Any CPU.Build.0 = Release|Any CPU
		{B4BC54B5-90DF-4C6E-8979-CA61289ED1C6}.Debug|Any CPU.ActiveCfg = Debug|Any CPU
		{B4BC54B5-90DF-4C6E-8979-CA61289ED1C6}.Debug|Any CPU.Build.0 = Debug|Any CPU
		{B4BC54B5-90DF-4C6E-8979-CA61289ED1C6}.Release|Any CPU.ActiveCfg = Release|Any CPU
		{B4BC54B5-90DF-4C6E-8979-CA61289ED1C6}.Release|Any CPU.Build.0 = Release|Any CPU
	EndGlobalSection
	GlobalSection(SolutionProperties) = preSolution
		HideSolutionNode = FALSE
	EndGlobalSection
	GlobalSection(NestedProjects) = preSolution
		{2DD85397-C3EE-4D1E-969A-BB9BC4F0996B} = {21791A76-C855-44FD-B1A1-939F487BA51C}
		{B4BC54B5-90DF-4C6E-8979-CA61289ED1C6} = {21791A76-C855-44FD-B1A1-939F487BA51C}
	EndGlobalSection
	GlobalSection(ExtensibilityGlobals) = postSolution
		SolutionGuid = {0AE0DA4D-B816-48CB-91FE-8F05700AC661}
	EndGlobalSection
EndGlobal
